
Microsoft Visual Studio Solution File, Format Version 12.00
# Visual Studio Version 17
VisualStudioVersion = 17.3.32825.248
MinimumVisualStudioVersion = 10.0.40219.1
Project("{FAE04EC0-301F-11D3-BF4B-00C04F79EFBC}") = "MyFirstApp-1", "MyFirstApp-1\MyFirstApp-1.csproj", "{B511520D-E9A3-4A9B-B11C-DDB812142D52}"
EndProject
Global
	GlobalSection(SolutionConfigurationPlatforms) = preSolution
		Debug|Any CPU = Debug|Any CPU
		Release|Any CPU = Release|Any CPU
	EndGlobalSection
	GlobalSection(ProjectConfigurationPlatforms) = postSolution
		{B511520D-E9A3-4A9B-B11C-DDB812142D52}.Debug|Any CPU.ActiveCfg = Debug|Any CPU
		{B511520D-E9A3-4A9B-B11C-DDB812142D52}.Debug|Any CPU.Build.0 = Debug|Any CPU
		{B511520D-E9A3-4A9B-B11C-DDB812142D52}.Release|Any CPU.ActiveCfg = Release|Any CPU
		{B511520D-E9A3-4A9B-B11C-DDB812142D52}.Release|Any CPU.Build.0 = Release|Any CPU
	EndGlobalSection
	GlobalSection(SolutionProperties) = preSolution
		HideSolutionNode = FALSE
	EndGlobalSection
	GlobalSection(ExtensibilityGlobals) = postSolution
		SolutionGuid = {4F10F7B6-0687-4B11-8222-D471784A7CC2}
	EndGlobalSection
EndGlobal
